<?xml version="1.0" encoding="utf-8"?>
<Project ToolsVersion="4.0" xmlns="http://schemas.microsoft.com/developer/msbuild/2003">
  <ItemGroup>
    <Filter Include="源文件">
      <UniqueIdentifier>{4FC737F1-C7A5-4376-A066-2A32D752A2FF}</UniqueIdentifier>
      <Extensions>cpp;c;cc;cxx;c++;cppm;ixx;def;odl;idl;hpj;bat;asm;asmx</Extensions>
    </Filter>
    <Filter Include="头文件">
      <UniqueIdentifier>{93995380-89BD-4b04-88EB-625FBE52EBFB}</UniqueIdentifier>
      <Extensions>h;hh;hpp;hxx;h++;hm;inl;inc;ipp;xsd</Extensions>
    </Filter>
    <Filter Include="资源文件">
      <UniqueIdentifier>{67DA6AB6-F800-4c08-8B7A-83BB121AAD01}</UniqueIdentifier>
      <Extensions>rc;ico;cur;bmp;dlg;rc2;rct;bin;rgs;gif;jpg;jpeg;jpe;resx;tiff;tif;png;wav;mfcribbon-ms</Extensions>
    </Filter>
    <Filter Include="头文件\container">
      <UniqueIdentifier>{be8495de-6756-48a6-9ca0-9ad8aca9064f}</UniqueIdentifier>
    </Filter>
    <Filter Include="源文件\rttr">
      <UniqueIdentifier>{579dc7c1-9928-4e03-b257-b49206192e16}</UniqueIdentifier>
    </Filter>
    <Filter Include="头文件\base">
      <UniqueIdentifier>{667c5d51-5c31-4ce4-96ea-8698cac5d810}</UniqueIdentifier>
    </Filter>
    <Filter Include="头文件\reflection">
      <UniqueIdentifier>{d7b1e7c8-6333-4516-a8a3-fdcd18281992}</UniqueIdentifier>
    </Filter>
    <Filter Include="头文件\data structure">
      <UniqueIdentifier>{ac0e1455-4e21-487d-a969-f7584c5d394c}</UniqueIdentifier>
    </Filter>
    <Filter Include="头文件\algorithms">
      <UniqueIdentifier>{5d25c877-e47d-4ca7-ae55-7b6527d3d56e}</UniqueIdentifier>
    </Filter>
    <Filter Include="源文件\algorithms">
      <UniqueIdentifier>{0bbfc185-3295-4a3d-9a1e-7737d5674754}</UniqueIdentifier>
    </Filter>
  </ItemGroup>
  <ItemGroup>
    <ClInclude Include="..\..\src\base\Assert.h">
      <Filter>头文件\base</Filter>
    </ClInclude>
    <ClInclude Include="..\..\src\base\Algorithms.h">
      <Filter>头文件\base</Filter>
    </ClInclude>
    <ClInclude Include="..\..\src\base\IteratorBase.h">
      <Filter>头文件\base</Filter>
    </ClInclude>
    <ClInclude Include="..\..\src\base\Platform.h">
      <Filter>头文件\base</Filter>
    </ClInclude>
    <ClInclude Include="..\..\src\base\StaticString.h">
      <Filter>头文件\base</Filter>
    </ClInclude>
    <ClInclude Include="..\..\src\base\STL.h">
      <Filter>头文件\base</Filter>
    </ClInclude>
    <ClInclude Include="..\..\src\base\StringView.h">
      <Filter>头文件\base</Filter>
    </ClInclude>
    <ClInclude Include="..\..\src\base\TypesDef.h">
      <Filter>头文件\base</Filter>
    </ClInclude>
    <ClInclude Include="..\..\src\base\Variant.h">
      <Filter>头文件\base</Filter>
    </ClInclude>
    <ClInclude Include="..\..\src\reflection\Element.h">
      <Filter>头文件\reflection</Filter>
    </ClInclude>
    <ClInclude Include="..\..\src\reflection\ElementCategory.h">
      <Filter>头文件\reflection</Filter>
    </ClInclude>
    <ClInclude Include="..\..\src\reflection\ElementList.h">
      <Filter>头文件\reflection</Filter>
    </ClInclude>
    <ClInclude Include="..\..\src\reflection\ElementTraits.h">
      <Filter>头文件\reflection</Filter>
    </ClInclude>
    <ClInclude Include="..\..\src\reflection\ReflBase.h">
      <Filter>头文件\reflection</Filter>
    </ClInclude>
    <ClInclude Include="..\..\src\reflection\StringType.h">
      <Filter>头文件\reflection</Filter>
    </ClInclude>
    <ClInclude Include="..\..\src\reflection\Type.h">
      <Filter>头文件\reflection</Filter>
    </ClInclude>
    <ClInclude Include="..\..\src\reflection\TypeInfo.h">
      <Filter>头文件\reflection</Filter>
    </ClInclude>
    <ClInclude Include="..\..\src\reflection\TypeName.h">
      <Filter>头文件\reflection</Filter>
    </ClInclude>
    <ClInclude Include="..\..\src\utils\algorithms\AES.h">
      <Filter>头文件\algorithms</Filter>
    </ClInclude>
    <ClInclude Include="..\..\src\utils\algorithms\SHA.h">
      <Filter>头文件\algorithms</Filter>
    </ClInclude>
    <ClInclude Include="..\..\src\utils\algorithms\Base64.h">
      <Filter>头文件\algorithms</Filter>
    </ClInclude>
    <ClInclude Include="..\..\src\utils\algorithms\CRC32.h">
      <Filter>头文件\algorithms</Filter>
    </ClInclude>
    <ClInclude Include="..\..\src\utils\algorithms\MD5.h">
      <Filter>头文件\algorithms</Filter>
    </ClInclude>
    <ClInclude Include="..\..\src\utils\algorithms\Minimal.h">
      <Filter>头文件\algorithms</Filter>
    </ClInclude>
    <ClInclude Include="..\..\src\utils\algorithms\XXTEA.h">
      <Filter>头文件\algorithms</Filter>
    </ClInclude>
    <ClInclude Include="..\..\src\utils\data structure\RBTree.h">
      <Filter>头文件\data structure</Filter>
    </ClInclude>
    <ClInclude Include="..\..\src\utils\container\ContainerBase.h">
      <Filter>头文件\container</Filter>
    </ClInclude>
  </ItemGroup>
  <ItemGroup>
    <ClCompile Include="..\..\src\utils\test.cpp">
      <Filter>源文件</Filter>
    </ClCompile>
    <ClCompile Include="..\..\src\rttr\constructor.cpp">
      <Filter>源文件\rttr</Filter>
    </ClCompile>
    <ClCompile Include="..\..\src\rttr\destructor.cpp">
      <Filter>源文件\rttr</Filter>
    </ClCompile>
    <ClCompile Include="..\..\src\rttr\enumeration.cpp">
      <Filter>源文件\rttr</Filter>
    </ClCompile>
    <ClCompile Include="..\..\src\rttr\library.cpp">
      <Filter>源文件\rttr</Filter>
    </ClCompile>
    <ClCompile Include="..\..\src\rttr\method.cpp">
      <Filter>源文件\rttr</Filter>
    </ClCompile>
    <ClCompile Include="..\..\src\rttr\parameter_info.cpp">
      <Filter>源文件\rttr</Filter>
    </ClCompile>
    <ClCompile Include="..\..\src\rttr\policy.cpp">
      <Filter>源文件\rttr</Filter>
    </ClCompile>
    <ClCompile Include="..\..\src\rttr\property.cpp">
      <Filter>源文件\rttr</Filter>
    </ClCompile>
    <ClCompile Include="..\..\src\rttr\registration.cpp">
      <Filter>源文件\rttr</Filter>
    </ClCompile>
    <ClCompile Include="..\..\src\rttr\type.cpp">
      <Filter>源文件\rttr</Filter>
    </ClCompile>
    <ClCompile Include="..\..\src\rttr\variant.cpp">
      <Filter>源文件\rttr</Filter>
    </ClCompile>
    <ClCompile Include="..\..\src\rttr\variant_associative_view.cpp">
      <Filter>源文件\rttr</Filter>
    </ClCompile>
    <ClCompile Include="..\..\src\rttr\variant_sequential_view.cpp">
      <Filter>源文件\rttr</Filter>
    </ClCompile>
    <ClCompile Include="..\..\src\rttr\visitor.cpp">
      <Filter>源文件\rttr</Filter>
    </ClCompile>
    <ClCompile Include="..\..\src\rttr\detail\comparison\compare_equal.cpp">
      <Filter>源文件\rttr</Filter>
    </ClCompile>
    <ClCompile Include="..\..\src\rttr\detail\comparison\compare_less.cpp">
      <Filter>源文件\rttr</Filter>
    </ClCompile>
    <ClCompile Include="..\..\src\rttr\detail\constructor\constructor_wrapper_base.cpp">
      <Filter>源文件\rttr</Filter>
    </ClCompile>
    <ClCompile Include="..\..\src\rttr\detail\conversion\std_conversion_functions.cpp">
      <Filter>源文件\rttr</Filter>
    </ClCompile>
    <ClCompile Include="..\..\src\rttr\detail\destructor\destructor_wrapper_base.cpp">
      <Filter>源文件\rttr</Filter>
    </ClCompile>
    <ClCompile Include="..\..\src\rttr\detail\enumeration\enumeration_helper.cpp">
      <Filter>源文件\rttr</Filter>
    </ClCompile>
    <ClCompile Include="..\..\src\rttr\detail\enumeration\enumeration_wrapper_base.cpp">
      <Filter>源文件\rttr</Filter>
    </ClCompile>
    <ClCompile Include="..\..\src\rttr\detail\library\library_unix.cpp">
      <Filter>源文件\rttr</Filter>
    </ClCompile>
    <ClCompile Include="..\..\src\rttr\detail\library\library_win.cpp">
      <Filter>源文件\rttr</Filter>
    </ClCompile>
    <ClCompile Include="..\..\src\rttr\detail\method\method_wrapper_base.cpp">
      <Filter>源文件\rttr</Filter>
    </ClCompile>
    <ClCompile Include="..\..\src\rttr\detail\misc\standard_types.cpp">
      <Filter>源文件\rttr</Filter>
    </ClCompile>
    <ClCompile Include="..\..\src\rttr\detail\parameter_info\parameter_info_wrapper_base.cpp">
      <Filter>源文件\rttr</Filter>
    </ClCompile>
    <ClCompile Include="..\..\src\rttr\detail\property\property_wrapper_base.cpp">
      <Filter>源文件\rttr</Filter>
    </ClCompile>
    <ClCompile Include="..\..\src\rttr\detail\registration\registration_executer.cpp">
      <Filter>源文件\rttr</Filter>
    </ClCompile>
    <ClCompile Include="..\..\src\rttr\detail\registration\registration_state_saver.cpp">
      <Filter>源文件\rttr</Filter>
    </ClCompile>
    <ClCompile Include="..\..\src\rttr\detail\type\type_data.cpp">
      <Filter>源文件\rttr</Filter>
    </ClCompile>
    <ClCompile Include="..\..\src\rttr\detail\type\type_register.cpp">
      <Filter>源文件\rttr</Filter>
    </ClCompile>
    <ClCompile Include="..\..\src\rttr\detail\variant\variant_compare.cpp">
      <Filter>源文件\rttr</Filter>
    </ClCompile>
    <ClCompile Include="..\..\src\utils\algorithms\AES.cpp">
      <Filter>源文件\algorithms</Filter>
    </ClCompile>
    <ClCompile Include="..\..\src\utils\algorithms\Base64.cpp">
      <Filter>源文件\algorithms</Filter>
    </ClCompile>
    <ClCompile Include="..\..\src\utils\algorithms\CRC32.cpp">
      <Filter>源文件\algorithms</Filter>
    </ClCompile>
    <ClCompile Include="..\..\src\utils\algorithms\MD5.cpp">
      <Filter>源文件\algorithms</Filter>
    </ClCompile>
    <ClCompile Include="..\..\src\utils\algorithms\Minimal.cpp">
      <Filter>源文件\algorithms</Filter>
    </ClCompile>
    <ClCompile Include="..\..\src\utils\algorithms\XXTEA.cpp">
      <Filter>源文件\algorithms</Filter>
    </ClCompile>
    <ClCompile Include="..\..\src\utils\algorithms\SHA.cpp">
      <Filter>源文件\algorithms</Filter>
    </ClCompile>
  </ItemGroup>
</Project>