<?xml version="1.0" encoding="utf-8"?>
<Project ToolsVersion="4.0" xmlns="http://schemas.microsoft.com/developer/msbuild/2003">
  <ItemGroup>
    <Filter Include="源文件">
      <UniqueIdentifier>{4FC737F1-C7A5-4376-A066-2A32D752A2FF}</UniqueIdentifier>
      <Extensions>cpp;c;cc;cxx;c++;cppm;ixx;def;odl;idl;hpj;bat;asm;asmx</Extensions>
    </Filter>
    <Filter Include="头文件">
      <UniqueIdentifier>{93995380-89BD-4b04-88EB-625FBE52EBFB}</UniqueIdentifier>
      <Extensions>h;hh;hpp;hxx;h++;hm;inl;inc;ipp;xsd</Extensions>
    </Filter>
    <Filter Include="资源文件">
      <UniqueIdentifier>{67DA6AB6-F800-4c08-8B7A-83BB121AAD01}</UniqueIdentifier>
      <Extensions>rc;ico;cur;bmp;dlg;rc2;rct;bin;rgs;gif;jpg;jpeg;jpe;resx;tiff;tif;png;wav;mfcribbon-ms</Extensions>
    </Filter>
    <Filter Include="头文件\base">
      <UniqueIdentifier>{426763e9-9677-4f18-92a9-9fac4ffd9338}</UniqueIdentifier>
    </Filter>
    <Filter Include="源文件\test">
      <UniqueIdentifier>{ba69a7d5-249e-4d14-a9f9-1edc9595ed68}</UniqueIdentifier>
    </Filter>
    <Filter Include="头文件\gtest">
      <UniqueIdentifier>{06cad896-345c-4f8c-8b4a-c16ae1317b3a}</UniqueIdentifier>
    </Filter>
    <Filter Include="头文件\compile_time">
      <UniqueIdentifier>{bdb2f82f-b0d5-42bd-a807-b33e79e82280}</UniqueIdentifier>
    </Filter>
  </ItemGroup>
  <ItemGroup>
    <ClInclude Include="..\..\src\base\Platform.h">
      <Filter>头文件\base</Filter>
    </ClInclude>
    <ClInclude Include="..\..\src\base\STL.h">
      <Filter>头文件\base</Filter>
    </ClInclude>
    <ClInclude Include="..\..\src\base\Assert.h">
      <Filter>头文件\base</Filter>
    </ClInclude>
    <ClInclude Include="..\..\src\base\TypesDef.h">
      <Filter>头文件\base</Filter>
    </ClInclude>
    <ClInclude Include="..\..\src\reflection\Comparison.h">
      <Filter>头文件</Filter>
    </ClInclude>
    <ClInclude Include="..\..\src\base\StringView.h">
      <Filter>头文件\base</Filter>
    </ClInclude>
    <ClInclude Include="..\..\src\base\CommonAlgorithms.h">
      <Filter>头文件\base</Filter>
    </ClInclude>
    <ClInclude Include="..\..\src\reflection\RuntimeTypeInfo.h">
      <Filter>头文件</Filter>
    </ClInclude>
    <ClInclude Include="..\..\src\reflection\RuntimeTypeData.h">
      <Filter>头文件</Filter>
    </ClInclude>
    <ClInclude Include="..\..\src\base\Variant.h">
      <Filter>头文件\base</Filter>
    </ClInclude>
    <ClInclude Include="..\..\src\base\IteratorBase.h">
      <Filter>头文件\base</Filter>
    </ClInclude>
    <ClInclude Include="..\..\src\googletest\gtest\gtest.h">
      <Filter>头文件\gtest</Filter>
    </ClInclude>
    <ClInclude Include="..\..\src\googletest\gtest\gtest_pred_impl.h">
      <Filter>头文件\gtest</Filter>
    </ClInclude>
    <ClInclude Include="..\..\src\googletest\gtest\gtest_prod.h">
      <Filter>头文件\gtest</Filter>
    </ClInclude>
    <ClInclude Include="..\..\src\googletest\gtest\gtest-assertion-result.h">
      <Filter>头文件\gtest</Filter>
    </ClInclude>
    <ClInclude Include="..\..\src\googletest\gtest\gtest-death-test.h">
      <Filter>头文件\gtest</Filter>
    </ClInclude>
    <ClInclude Include="..\..\src\googletest\gtest\gtest-matchers.h">
      <Filter>头文件\gtest</Filter>
    </ClInclude>
    <ClInclude Include="..\..\src\googletest\gtest\gtest-message.h">
      <Filter>头文件\gtest</Filter>
    </ClInclude>
    <ClInclude Include="..\..\src\googletest\gtest\gtest-param-test.h">
      <Filter>头文件\gtest</Filter>
    </ClInclude>
    <ClInclude Include="..\..\src\googletest\gtest\gtest-printers.h">
      <Filter>头文件\gtest</Filter>
    </ClInclude>
    <ClInclude Include="..\..\src\googletest\gtest\gtest-spi.h">
      <Filter>头文件\gtest</Filter>
    </ClInclude>
    <ClInclude Include="..\..\src\googletest\gtest\gtest-test-part.h">
      <Filter>头文件\gtest</Filter>
    </ClInclude>
    <ClInclude Include="..\..\src\googletest\gtest\gtest-typed-test.h">
      <Filter>头文件\gtest</Filter>
    </ClInclude>
    <ClInclude Include="..\..\src\reflection\Registration.h">
      <Filter>头文件</Filter>
    </ClInclude>
    <ClInclude Include="..\..\src\reflection\StaticSymbol.h">
      <Filter>头文件</Filter>
    </ClInclude>
    <ClInclude Include="..\..\src\reflection\TypeMetaData.h">
      <Filter>头文件</Filter>
    </ClInclude>
    <ClInclude Include="..\..\src\reflection\RegistrationManager.h">
      <Filter>头文件</Filter>
    </ClInclude>
    <ClInclude Include="..\..\src\reflection\TypeName.h">
      <Filter>头文件</Filter>
    </ClInclude>
    <ClInclude Include="..\..\src\base\StaticString.h">
      <Filter>头文件\base</Filter>
    </ClInclude>
    <ClInclude Include="..\..\src\reflection\ReflBase.h">
      <Filter>头文件</Filter>
    </ClInclude>
    <ClInclude Include="..\..\src\reflection\TypeConverter.h">
      <Filter>头文件</Filter>
    </ClInclude>
    <ClInclude Include="..\..\src\reflection\compile_time\TypeInfo.h">
      <Filter>头文件\compile_time</Filter>
    </ClInclude>
    <ClInclude Include="..\..\src\reflection\compile_time\StringType.h">
      <Filter>头文件\compile_time</Filter>
    </ClInclude>
    <ClInclude Include="..\..\src\reflection\compile_time\TypeInfoDetail.h">
      <Filter>头文件\compile_time</Filter>
    </ClInclude>
  </ItemGroup>
  <ItemGroup>
    <ClCompile Include="..\..\src\reflection\test.cpp">
      <Filter>源文件</Filter>
    </ClCompile>
    <ClCompile Include="..\..\src\reflection\RuntimeTypeInfo.cpp">
      <Filter>源文件</Filter>
    </ClCompile>
    <ClCompile Include="..\..\src\test\VariantTest.cpp">
      <Filter>源文件\test</Filter>
    </ClCompile>
    <ClCompile Include="..\..\src\test\StringViewTest.cpp">
      <Filter>源文件\test</Filter>
    </ClCompile>
    <ClCompile Include="..\..\src\reflection\Registration.cpp">
      <Filter>源文件</Filter>
    </ClCompile>
  </ItemGroup>
</Project>